{
  "name": "ThePatternsPlaceNewsletter",
  "lockfileVersion": 3,
  "requires": true,
  "packages": {
    "": {
      "devDependencies": {
        "@types/mailchimp__mailchimp_marketing": "^3.0.20"
      }
    },
    "node_modules/@types/mailchimp__mailchimp_marketing": {
      "version": "3.0.20",
      "resolved": "https://registry.npmjs.org/@types/mailchimp__mailchimp_marketing/-/mailchimp__mailchimp_marketing-3.0.20.tgz",
      "integrity": "sha512-fg7iKnnbfBxyVjh6WZy39sXscuhaYv9K5DRAok/ykHMJeh3la4qSv+v4i5x0IgE3fGWTRZpixhCfkkzEDUImhw==",
      "dev": true,
      "license": "MIT"
    }
  }
}
